
Microsoft Visual Studio Solution File, Format Version 11.00
# Visual Studio 2010
Project("{FAE04EC0-301F-11D3-BF4B-00C04F79EFBC}") = "SCGA.Aplicacao", "SCGA.Aplicacao\SCGA.Aplicacao.csproj", "{69D8D07A-A965-442E-AB09-29754FAFCC65}"
EndProject
Project("{FAE04EC0-301F-11D3-BF4B-00C04F79EFBC}") = "SCGA.Dominio", "SCGA.Dominio\SCGA.Dominio.csproj", "{D8EACDBA-D871-439D-9D50-73B59FBAE1BE}"
EndProject
Project("{FAE04EC0-301F-11D3-BF4B-00C04F79EFBC}") = "SCGA.Api", "SCGA.Api\SCGA.Api.csproj", "{400CFA86-DC4B-4595-B680-5A33743A674B}"
EndProject
Global
	GlobalSection(SolutionConfigurationPlatforms) = preSolution
		Debug|Any CPU = Debug|Any CPU
		Debug|Mixed Platforms = Debug|Mixed Platforms
		Debug|x86 = Debug|x86
		Release|Any CPU = Release|Any CPU
		Release|Mixed Platforms = Release|Mixed Platforms
		Release|x86 = Release|x86
	EndGlobalSection
	GlobalSection(ProjectConfigurationPlatforms) = postSolution
		{69D8D07A-A965-442E-AB09-29754FAFCC65}.Debug|Any CPU.ActiveCfg = Debug|x86
		{69D8D07A-A965-442E-AB09-29754FAFCC65}.Debug|Mixed Platforms.ActiveCfg = Debug|x86
		{69D8D07A-A965-442E-AB09-29754FAFCC65}.Debug|Mixed Platforms.Build.0 = Debug|x86
		{69D8D07A-A965-442E-AB09-29754FAFCC65}.Debug|x86.ActiveCfg = Debug|x86
		{69D8D07A-A965-442E-AB09-29754FAFCC65}.Debug|x86.Build.0 = Debug|x86
		{69D8D07A-A965-442E-AB09-29754FAFCC65}.Release|Any CPU.ActiveCfg = Release|x86
		{69D8D07A-A965-442E-AB09-29754FAFCC65}.Release|Mixed Platforms.ActiveCfg = Release|x86
		{69D8D07A-A965-442E-AB09-29754FAFCC65}.Release|Mixed Platforms.Build.0 = Release|x86
		{69D8D07A-A965-442E-AB09-29754FAFCC65}.Release|x86.ActiveCfg = Release|x86
		{69D8D07A-A965-442E-AB09-29754FAFCC65}.Release|x86.Build.0 = Release|x86
		{D8EACDBA-D871-439D-9D50-73B59FBAE1BE}.Debug|Any CPU.ActiveCfg = Debug|Any CPU
		{D8EACDBA-D871-439D-9D50-73B59FBAE1BE}.Debug|Any CPU.Build.0 = Debug|Any CPU
		{D8EACDBA-D871-439D-9D50-73B59FBAE1BE}.Debug|Mixed Platforms.ActiveCfg = Debug|Any CPU
		{D8EACDBA-D871-439D-9D50-73B59FBAE1BE}.Debug|Mixed Platforms.Build.0 = Debug|Any CPU
		{D8EACDBA-D871-439D-9D50-73B59FBAE1BE}.Debug|x86.ActiveCfg = Debug|Any CPU
		{D8EACDBA-D871-439D-9D50-73B59FBAE1BE}.Release|Any CPU.ActiveCfg = Release|Any CPU
		{D8EACDBA-D871-439D-9D50-73B59FBAE1BE}.Release|Any CPU.Build.0 = Release|Any CPU
		{D8EACDBA-D871-439D-9D50-73B59FBAE1BE}.Release|Mixed Platforms.ActiveCfg = Release|Any CPU
		{D8EACDBA-D871-439D-9D50-73B59FBAE1BE}.Release|Mixed Platforms.Build.0 = Release|Any CPU
		{D8EACDBA-D871-439D-9D50-73B59FBAE1BE}.Release|x86.ActiveCfg = Release|Any CPU
		{400CFA86-DC4B-4595-B680-5A33743A674B}.Debug|Any CPU.ActiveCfg = Debug|Any CPU
		{400CFA86-DC4B-4595-B680-5A33743A674B}.Debug|Any CPU.Build.0 = Debug|Any CPU
		{400CFA86-DC4B-4595-B680-5A33743A674B}.Debug|Mixed Platforms.ActiveCfg = Debug|Any CPU
		{400CFA86-DC4B-4595-B680-5A33743A674B}.Debug|Mixed Platforms.Build.0 = Debug|Any CPU
		{400CFA86-DC4B-4595-B680-5A33743A674B}.Debug|x86.ActiveCfg = Debug|Any CPU
		{400CFA86-DC4B-4595-B680-5A33743A674B}.Release|Any CPU.ActiveCfg = Release|Any CPU
		{400CFA86-DC4B-4595-B680-5A33743A674B}.Release|Any CPU.Build.0 = Release|Any CPU
		{400CFA86-DC4B-4595-B680-5A33743A674B}.Release|Mixed Platforms.ActiveCfg = Release|Any CPU
		{400CFA86-DC4B-4595-B680-5A33743A674B}.Release|Mixed Platforms.Build.0 = Release|Any CPU
		{400CFA86-DC4B-4595-B680-5A33743A674B}.Release|x86.ActiveCfg = Release|Any CPU
	EndGlobalSection
	GlobalSection(SolutionProperties) = preSolution
		HideSolutionNode = FALSE
	EndGlobalSection
EndGlobal
