
Microsoft Visual Studio Solution File, Format Version 12.00
# Visual Studio 2012
Project("{FAE04EC0-301F-11D3-BF4B-00C04F79EFBC}") = "SCGA.Aplication", "SCGA.Aplication\SCGA.Aplication.csproj", "{6E93944E-3341-4131-AAA4-C11608496844}"
EndProject
Project("{FAE04EC0-301F-11D3-BF4B-00C04F79EFBC}") = "SCGA.Dominio", "SCGA.Dominio\SCGA.Dominio.csproj", "{DD2BC503-5134-489C-9943-BFA503E970CC}"
EndProject
Project("{FAE04EC0-301F-11D3-BF4B-00C04F79EFBC}") = "SCGA.Api.Tests", "SCGA.Api.Tests\SCGA.Api.Tests.csproj", "{237B7F0B-0F0E-4D65-AD4D-3097C61C9F20}"
EndProject
Project("{2150E333-8FDC-42A3-9474-1A3956D46DE8}") = ".nuget", ".nuget", "{36B25158-0BEE-4BA4-AB94-BD14F81FE05E}"
	ProjectSection(SolutionItems) = preProject
		.nuget\NuGet.Config = .nuget\NuGet.Config
		.nuget\NuGet.exe = .nuget\NuGet.exe
		.nuget\NuGet.targets = .nuget\NuGet.targets
	EndProjectSection
EndProject
Project("{FAE04EC0-301F-11D3-BF4B-00C04F79EFBC}") = "SCGA.Api", "SCGA.Api\SCGA.Api.csproj", "{638E12D1-F246-4CE7-BD26-88AB797169B4}"
EndProject
Global
	GlobalSection(SolutionConfigurationPlatforms) = preSolution
		Debug|Any CPU = Debug|Any CPU
		Release|Any CPU = Release|Any CPU
	EndGlobalSection
	GlobalSection(ProjectConfigurationPlatforms) = postSolution
		{6E93944E-3341-4131-AAA4-C11608496844}.Debug|Any CPU.ActiveCfg = Debug|Any CPU
		{6E93944E-3341-4131-AAA4-C11608496844}.Debug|Any CPU.Build.0 = Debug|Any CPU
		{6E93944E-3341-4131-AAA4-C11608496844}.Release|Any CPU.ActiveCfg = Release|Any CPU
		{6E93944E-3341-4131-AAA4-C11608496844}.Release|Any CPU.Build.0 = Release|Any CPU
		{DD2BC503-5134-489C-9943-BFA503E970CC}.Debug|Any CPU.ActiveCfg = Debug|Any CPU
		{DD2BC503-5134-489C-9943-BFA503E970CC}.Debug|Any CPU.Build.0 = Debug|Any CPU
		{DD2BC503-5134-489C-9943-BFA503E970CC}.Release|Any CPU.ActiveCfg = Release|Any CPU
		{DD2BC503-5134-489C-9943-BFA503E970CC}.Release|Any CPU.Build.0 = Release|Any CPU
		{237B7F0B-0F0E-4D65-AD4D-3097C61C9F20}.Debug|Any CPU.ActiveCfg = Debug|Any CPU
		{237B7F0B-0F0E-4D65-AD4D-3097C61C9F20}.Debug|Any CPU.Build.0 = Debug|Any CPU
		{237B7F0B-0F0E-4D65-AD4D-3097C61C9F20}.Release|Any CPU.ActiveCfg = Release|Any CPU
		{237B7F0B-0F0E-4D65-AD4D-3097C61C9F20}.Release|Any CPU.Build.0 = Release|Any CPU
		{638E12D1-F246-4CE7-BD26-88AB797169B4}.Debug|Any CPU.ActiveCfg = Debug|Any CPU
		{638E12D1-F246-4CE7-BD26-88AB797169B4}.Debug|Any CPU.Build.0 = Debug|Any CPU
		{638E12D1-F246-4CE7-BD26-88AB797169B4}.Release|Any CPU.ActiveCfg = Release|Any CPU
		{638E12D1-F246-4CE7-BD26-88AB797169B4}.Release|Any CPU.Build.0 = Release|Any CPU
	EndGlobalSection
	GlobalSection(SolutionProperties) = preSolution
		HideSolutionNode = FALSE
	EndGlobalSection
EndGlobal
