
Microsoft Visual Studio Solution File, Format Version 12.00
# Visual Studio 2012
Project("{FAE04EC0-301F-11D3-BF4B-00C04F79EFBC}") = "POC", "POC\POC.csproj", "{F4FB439A-6A90-4BB1-9D53-9D8033BC847E}"
EndProject
Project("{FAE04EC0-301F-11D3-BF4B-00C04F79EFBC}") = "POC.Dominio", "POC.Dominio\POC.Dominio.csproj", "{9BC812BA-8EE9-4717-AF40-2E1867BEFF4E}"
EndProject
Project("{FAE04EC0-301F-11D3-BF4B-00C04F79EFBC}") = "POC.Api", "POC.Api\POC.Api.csproj", "{3A3EAA78-0046-4815-B81D-8071AAF98CB1}"
EndProject
Global
	GlobalSection(SolutionConfigurationPlatforms) = preSolution
		Debug|Any CPU = Debug|Any CPU
		Release|Any CPU = Release|Any CPU
	EndGlobalSection
	GlobalSection(ProjectConfigurationPlatforms) = postSolution
		{F4FB439A-6A90-4BB1-9D53-9D8033BC847E}.Debug|Any CPU.ActiveCfg = Debug|Any CPU
		{F4FB439A-6A90-4BB1-9D53-9D8033BC847E}.Debug|Any CPU.Build.0 = Debug|Any CPU
		{F4FB439A-6A90-4BB1-9D53-9D8033BC847E}.Release|Any CPU.ActiveCfg = Release|Any CPU
		{F4FB439A-6A90-4BB1-9D53-9D8033BC847E}.Release|Any CPU.Build.0 = Release|Any CPU
		{9BC812BA-8EE9-4717-AF40-2E1867BEFF4E}.Debug|Any CPU.ActiveCfg = Debug|Any CPU
		{9BC812BA-8EE9-4717-AF40-2E1867BEFF4E}.Debug|Any CPU.Build.0 = Debug|Any CPU
		{9BC812BA-8EE9-4717-AF40-2E1867BEFF4E}.Release|Any CPU.ActiveCfg = Release|Any CPU
		{9BC812BA-8EE9-4717-AF40-2E1867BEFF4E}.Release|Any CPU.Build.0 = Release|Any CPU
		{3A3EAA78-0046-4815-B81D-8071AAF98CB1}.Debug|Any CPU.ActiveCfg = Debug|Any CPU
		{3A3EAA78-0046-4815-B81D-8071AAF98CB1}.Debug|Any CPU.Build.0 = Debug|Any CPU
		{3A3EAA78-0046-4815-B81D-8071AAF98CB1}.Release|Any CPU.ActiveCfg = Release|Any CPU
		{3A3EAA78-0046-4815-B81D-8071AAF98CB1}.Release|Any CPU.Build.0 = Release|Any CPU
	EndGlobalSection
	GlobalSection(SolutionProperties) = preSolution
		HideSolutionNode = FALSE
	EndGlobalSection
EndGlobal
